{
  "originHash" : "f604f048fb103dd07acfc903ef9813a1bdff3d068a519c5cd9a3fab6c51d4aee",
  "pins" : [
    {
      "identity" : "foundationmodelskit",
      "kind" : "remoteSourceControl",
      "location" : "https://github.com/rryam/FoundationModelsKit",
      "state" : {
        "revision" : "7cfbcfb7700a328bc796c3d9a4045c80a6ee05f3",
        "version" : "2.0.0"
      }
    }
  ],
  "version" : 3
}
