{
  "originHash" : "9a300aa628b47c404c2c6de0df6f2c8c1854a722b9f86691790324a9b5943707",
  "pins" : [
    {
      "identity" : "foundationmodelskit",
      "kind" : "remoteSourceControl",
      "location" : "https://github.com/rryam/FoundationModelsKit",
      "state" : {
        "revision" : "7cfbcfb7700a328bc796c3d9a4045c80a6ee05f3",
        "version" : "2.0.0"
      }
    }
  ],
  "version" : 3
}
